
Microsoft Visual Studio Solution File, Format Version 11.00
# Visual Studio 2010
Project("{FAE04EC0-301F-11D3-BF4B-00C04F79EFBC}") = "Assembly-CSharp", "Assembly-CSharp.csproj", "{02B78A18-56FB-1D2C-9A3D-431606C513DE}"
EndProject
Global
	GlobalSection(SolutionConfigurationPlatforms) = preSolution
		Debug|Any CPU = Debug|Any CPU
		Release|Any CPU = Release|Any CPU
	EndGlobalSection
	GlobalSection(ProjectConfigurationPlatforms) = postSolution
		{02B78A18-56FB-1D2C-9A3D-431606C513DE}.Debug|Any CPU.ActiveCfg = Debug|Any CPU
		{02B78A18-56FB-1D2C-9A3D-431606C513DE}.Debug|Any CPU.Build.0 = Debug|Any CPU
		{02B78A18-56FB-1D2C-9A3D-431606C513DE}.Release|Any CPU.ActiveCfg = Release|Any CPU
		{02B78A18-56FB-1D2C-9A3D-431606C513DE}.Release|Any CPU.Build.0 = Release|Any CPU
	EndGlobalSection
	GlobalSection(SolutionProperties) = preSolution
		HideSolutionNode = FALSE
	EndGlobalSection
EndGlobal
